PODS:
  - Alamofire (3.2.0)
  - drupal-ios-sdk (4.0.1):
    - Alamofire
    - SwiftyJSON
  - SwiftyJSON (2.3.2)

DEPENDENCIES:
  - drupal-ios-sdk (= 4.0.1)

SPEC CHECKSUMS:
  Alamofire: 4da478599fccddff361205c8929333d7fe18dceb
  drupal-ios-sdk: db3afa26c2f449d1c7e2b2500e25a555ac05e7fd
  SwiftyJSON: 04ccea08915aa0109039157c7974cf0298da292a

PODFILE CHECKSUM: 9fac010e574c31e61bc59d1a5aa1514776ae57b8

COCOAPODS: 1.0.0.beta.2
