PODS:
  - Alamofire (4.0.0)
  - ObjectMapper (2.0.0)
  - SwiftyJSON (2.3.2)
  - SwiftyUserDefaults (3.0.0)
  - waterwheel (4.3.0):
    - Alamofire (~> 4.0)
    - ObjectMapper
    - SwiftyJSON
    - SwiftyUserDefaults

DEPENDENCIES:
  - SwiftyJSON (from `https://github.com/acegreen/SwiftyJSON.git`, branch `swift3`)
  - SwiftyUserDefaults (from `https://github.com/radex/SwiftyUserDefaults.git`)
  - waterwheel (from `~/work/ios/waterwheel-swift`)

EXTERNAL SOURCES:
  SwiftyJSON:
    :branch: swift3
    :git: https://github.com/acegreen/SwiftyJSON.git
  SwiftyUserDefaults:
    :git: https://github.com/radex/SwiftyUserDefaults.git
  waterwheel:
    :path: ~/work/ios/waterwheel-swift

CHECKOUT OPTIONS:
  SwiftyJSON:
    :commit: 8971384559780e631b041ac91b16734a396d4c14
    :git: https://github.com/acegreen/SwiftyJSON.git
  SwiftyUserDefaults:
    :commit: 082d9052f5f0e506e6ce4d748fcc07eb87f17a9f
    :git: https://github.com/radex/SwiftyUserDefaults.git

SPEC CHECKSUMS:
  Alamofire: fef59f00388f267e52d9b432aa5d93dc97190f14
  ObjectMapper: aed2570edabbd3c9b26c939e1cabdb6558f933e0
  SwiftyJSON: 04ccea08915aa0109039157c7974cf0298da292a
  SwiftyUserDefaults: 0f1d45fc3aafb9064dac661e367f8f83fe21a4b4
  waterwheel: 4d8be4f013dc43f15fff1504d637cc8c71f4719c

PODFILE CHECKSUM: c3a2752b95b370332fa514968ae81d8ba036cf67

COCOAPODS: 1.1.0.rc.2
