// !$*UTF8*$!
{
	archiveVersion = 1;
	classes = {
	};
	objectVersion = 46;
	objects = {

/* Begin PBXBuildFile section */
		1D7518141D6E3AAF00846BD1 /* MenuTableViewController.swift in Sources */ = {isa = PBXBuildFile; fileRef = 1D7518131D6E3AAF00846BD1 /* MenuTableViewController.swift */; };
		1DCBFCCB1D6390F6004328CE /* AppDelegate.swift in Sources */ = {isa = PBXBuildFile; fileRef = 1DCBFCCA1D6390F6004328CE /* AppDelegate.swift */; };
		1DCBFCCD1D6390F6004328CE /* LoginViewController.swift in Sources */ = {isa = PBXBuildFile; fileRef = 1DCBFCCC1D6390F6004328CE /* LoginViewController.swift */; };
		1DCBFCD01D6390F6004328CE /* Main.storyboard in Resources */ = {isa = PBXBuildFile; fileRef = 1DCBFCCE1D6390F6004328CE /* Main.storyboard */; };
		1DCBFCD21D6390F6004328CE /* Assets.xcassets in Resources */ = {isa = PBXBuildFile; fileRef = 1DCBFCD11D6390F6004328CE /* Assets.xcassets */; };
		1DCBFCD51D6390F6004328CE /* LaunchScreen.storyboard in Resources */ = {isa = PBXBuildFile; fileRef = 1DCBFCD31D6390F6004328CE /* LaunchScreen.storyboard */; };
		1DCBFCE01D6390F6004328CE /* waterwheelDemoUITests.swift in Sources */ = {isa = PBXBuildFile; fileRef = 1DCBFCDF1D6390F6004328CE /* waterwheelDemoUITests.swift */; };
		46D0E23B0A109D6949E58A1D /* Pods_waterwheelDemo.framework in Frameworks */ = {isa = PBXBuildFile; fileRef = 336BFA67C52A793F3B9F3E12 /* Pods_waterwheelDemo.framework */; };
/* End PBXBuildFile section */

/* Begin PBXContainerItemProxy section */
		1DCBFCDC1D6390F6004328CE /* PBXContainerItemProxy */ = {
			isa = PBXContainerItemProxy;
			containerPortal = 1DCBFCBF1D6390F6004328CE /* Project object */;
			proxyType = 1;
			remoteGlobalIDString = 1DCBFCC61D6390F6004328CE;
			remoteInfo = waterwheelDemo;
		};
/* End PBXContainerItemProxy section */

/* Begin PBXFileReference section */
		1D7518131D6E3AAF00846BD1 /* MenuTableViewController.swift */ = {isa = PBXFileReference; fileEncoding = 4; lastKnownFileType = sourcecode.swift; path = MenuTableViewController.swift; sourceTree = "<group>"; };
		1DCBFCC71D6390F6004328CE /* waterwheelDemo.app */ = {isa = PBXFileReference; explicitFileType = wrapper.application; includeInIndex = 0; path = waterwheelDemo.app; sourceTree = BUILT_PRODUCTS_DIR; };
		1DCBFCCA1D6390F6004328CE /* AppDelegate.swift */ = {isa = PBXFileReference; lastKnownFileType = sourcecode.swift; path = AppDelegate.swift; sourceTree = "<group>"; };
		1DCBFCCC1D6390F6004328CE /* LoginViewController.swift */ = {isa = PBXFileReference; lastKnownFileType = sourcecode.swift; path = LoginViewController.swift; sourceTree = "<group>"; };
		1DCBFCCF1D6390F6004328CE /* Base */ = {isa = PBXFileReference; lastKnownFileType = file.storyboard; name = Base; path = Base.lproj/Main.storyboard; sourceTree = "<group>"; };
		1DCBFCD11D6390F6004328CE /* Assets.xcassets */ = {isa = PBXFileReference; lastKnownFileType = folder.assetcatalog; path = Assets.xcassets; sourceTree = "<group>"; };
		1DCBFCD41D6390F6004328CE /* Base */ = {isa = PBXFileReference; lastKnownFileType = file.storyboard; name = Base; path = Base.lproj/LaunchScreen.storyboard; sourceTree = "<group>"; };
		1DCBFCD61D6390F6004328CE /* Info.plist */ = {isa = PBXFileReference; lastKnownFileType = text.plist.xml; path = Info.plist; sourceTree = "<group>"; };
		1DCBFCDB1D6390F6004328CE /* waterwheelDemoUITests.xctest */ = {isa = PBXFileReference; explicitFileType = wrapper.cfbundle; includeInIndex = 0; path = waterwheelDemoUITests.xctest; sourceTree = BUILT_PRODUCTS_DIR; };
		1DCBFCDF1D6390F6004328CE /* waterwheelDemoUITests.swift */ = {isa = PBXFileReference; lastKnownFileType = sourcecode.swift; path = waterwheelDemoUITests.swift; sourceTree = "<group>"; };
		1DCBFCE11D6390F6004328CE /* Info.plist */ = {isa = PBXFileReference; lastKnownFileType = text.plist.xml; path = Info.plist; sourceTree = "<group>"; };
		26036455B277A6AD2F600BAA /* Pods-waterwheelDemo.release.xcconfig */ = {isa = PBXFileReference; includeInIndex = 1; lastKnownFileType = text.xcconfig; name = "Pods-waterwheelDemo.release.xcconfig"; path = "Pods/Target Support Files/Pods-waterwheelDemo/Pods-waterwheelDemo.release.xcconfig"; sourceTree = "<group>"; };
		336BFA67C52A793F3B9F3E12 /* Pods_waterwheelDemo.framework */ = {isa = PBXFileReference; explicitFileType = wrapper.framework; includeInIndex = 0; path = Pods_waterwheelDemo.framework; sourceTree = BUILT_PRODUCTS_DIR; };
		4D37BB706E243179C0DAFF45 /* Pods-waterwheelDemo.debug.xcconfig */ = {isa = PBXFileReference; includeInIndex = 1; lastKnownFileType = text.xcconfig; name = "Pods-waterwheelDemo.debug.xcconfig"; path = "Pods/Target Support Files/Pods-waterwheelDemo/Pods-waterwheelDemo.debug.xcconfig"; sourceTree = "<group>"; };
/* End PBXFileReference section */

/* Begin PBXFrameworksBuildPhase section */
		1DCBFCC41D6390F6004328CE /* Frameworks */ = {
			isa = PBXFrameworksBuildPhase;
			buildActionMask = 2147483647;
			files = (
				46D0E23B0A109D6949E58A1D /* Pods_waterwheelDemo.framework in Frameworks */,
			);
			runOnlyForDeploymentPostprocessing = 0;
		};
		1DCBFCD81D6390F6004328CE /* Frameworks */ = {
			isa = PBXFrameworksBuildPhase;
			buildActionMask = 2147483647;
			files = (
			);
			runOnlyForDeploymentPostprocessing = 0;
		};
/* End PBXFrameworksBuildPhase section */

/* Begin PBXGroup section */
		1D7518121D6E3A7A00846BD1 /* ViewControllers */ = {
			isa = PBXGroup;
			children = (
				1D7518131D6E3AAF00846BD1 /* MenuTableViewController.swift */,
			);
			name = ViewControllers;
			sourceTree = "<group>";
		};
		1DCBFCBE1D6390F6004328CE = {
			isa = PBXGroup;
			children = (
				1DCBFCC91D6390F6004328CE /* waterwheelDemo */,
				1DCBFCDE1D6390F6004328CE /* waterwheelDemoUITests */,
				1DCBFCC81D6390F6004328CE /* Products */,
				844B98EB62E099165BB4AE10 /* Pods */,
				8F71687FDDC95BFC55162071 /* Frameworks */,
			);
			sourceTree = "<group>";
		};
		1DCBFCC81D6390F6004328CE /* Products */ = {
			isa = PBXGroup;
			children = (
				1DCBFCC71D6390F6004328CE /* waterwheelDemo.app */,
				1DCBFCDB1D6390F6004328CE /* waterwheelDemoUITests.xctest */,
			);
			name = Products;
			sourceTree = "<group>";
		};
		1DCBFCC91D6390F6004328CE /* waterwheelDemo */ = {
			isa = PBXGroup;
			children = (
				1D7518121D6E3A7A00846BD1 /* ViewControllers */,
				1DCBFCCA1D6390F6004328CE /* AppDelegate.swift */,
				1DCBFCCC1D6390F6004328CE /* LoginViewController.swift */,
				1DCBFCCE1D6390F6004328CE /* Main.storyboard */,
				1DCBFCD11D6390F6004328CE /* Assets.xcassets */,
				1DCBFCD31D6390F6004328CE /* LaunchScreen.storyboard */,
				1DCBFCD61D6390F6004328CE /* Info.plist */,
			);
			path = waterwheelDemo;
			sourceTree = "<group>";
		};
		1DCBFCDE1D6390F6004328CE /* waterwheelDemoUITests */ = {
			isa = PBXGroup;
			children = (
				1DCBFCDF1D6390F6004328CE /* waterwheelDemoUITests.swift */,
				1DCBFCE11D6390F6004328CE /* Info.plist */,
			);
			path = waterwheelDemoUITests;
			sourceTree = "<group>";
		};
		844B98EB62E099165BB4AE10 /* Pods */ = {
			isa = PBXGroup;
			children = (
				4D37BB706E243179C0DAFF45 /* Pods-waterwheelDemo.debug.xcconfig */,
				26036455B277A6AD2F600BAA /* Pods-waterwheelDemo.release.xcconfig */,
			);
			name = Pods;
			sourceTree = "<group>";
		};
		8F71687FDDC95BFC55162071 /* Frameworks */ = {
			isa = PBXGroup;
			children = (
				336BFA67C52A793F3B9F3E12 /* Pods_waterwheelDemo.framework */,
			);
			name = Frameworks;
			sourceTree = "<group>";
		};
/* End PBXGroup section */

/* Begin PBXNativeTarget section */
		1DCBFCC61D6390F6004328CE /* waterwheelDemo */ = {
			isa = PBXNativeTarget;
			buildConfigurationList = 1DCBFCE41D6390F6004328CE /* Build configuration list for PBXNativeTarget "waterwheelDemo" */;
			buildPhases = (
				0955D05F82E4E9E55EC44EA8 /* [CP] Check Pods Manifest.lock */,
				1DCBFCC31D6390F6004328CE /* Sources */,
				1DCBFCC41D6390F6004328CE /* Frameworks */,
				1DCBFCC51D6390F6004328CE /* Resources */,
				4234FC76DEA92B3F58C08FB7 /* [CP] Embed Pods Frameworks */,
				40B25992040B6E6FBD524AB9 /* [CP] Copy Pods Resources */,
			);
			buildRules = (
			);
			dependencies = (
			);
			name = waterwheelDemo;
			productName = waterwheelDemo;
			productReference = 1DCBFCC71D6390F6004328CE /* waterwheelDemo.app */;
			productType = "com.apple.product-type.application";
		};
		1DCBFCDA1D6390F6004328CE /* waterwheelDemoUITests */ = {
			isa = PBXNativeTarget;
			buildConfigurationList = 1DCBFCE71D6390F6004328CE /* Build configuration list for PBXNativeTarget "waterwheelDemoUITests" */;
			buildPhases = (
				1DCBFCD71D6390F6004328CE /* Sources */,
				1DCBFCD81D6390F6004328CE /* Frameworks */,
				1DCBFCD91D6390F6004328CE /* Resources */,
			);
			buildRules = (
			);
			dependencies = (
				1DCBFCDD1D6390F6004328CE /* PBXTargetDependency */,
			);
			name = waterwheelDemoUITests;
			productName = waterwheelDemoUITests;
			productReference = 1DCBFCDB1D6390F6004328CE /* waterwheelDemoUITests.xctest */;
			productType = "com.apple.product-type.bundle.ui-testing";
		};
/* End PBXNativeTarget section */

/* Begin PBXProject section */
		1DCBFCBF1D6390F6004328CE /* Project object */ = {
			isa = PBXProject;
			attributes = {
				LastSwiftUpdateCheck = 0730;
				LastUpgradeCheck = 0730;
				ORGANIZATIONNAME = Acquia;
				TargetAttributes = {
					1DCBFCC61D6390F6004328CE = {
						CreatedOnToolsVersion = 7.3.1;
					};
					1DCBFCDA1D6390F6004328CE = {
						CreatedOnToolsVersion = 7.3.1;
						TestTargetID = 1DCBFCC61D6390F6004328CE;
					};
				};
			};
			buildConfigurationList = 1DCBFCC21D6390F6004328CE /* Build configuration list for PBXProject "waterwheelDemo" */;
			compatibilityVersion = "Xcode 3.2";
			developmentRegion = English;
			hasScannedForEncodings = 0;
			knownRegions = (
				en,
				Base,
			);
			mainGroup = 1DCBFCBE1D6390F6004328CE;
			productRefGroup = 1DCBFCC81D6390F6004328CE /* Products */;
			projectDirPath = "";
			projectRoot = "";
			targets = (
				1DCBFCC61D6390F6004328CE /* waterwheelDemo */,
				1DCBFCDA1D6390F6004328CE /* waterwheelDemoUITests */,
			);
		};
/* End PBXProject section */

/* Begin PBXResourcesBuildPhase section */
		1DCBFCC51D6390F6004328CE /* Resources */ = {
			isa = PBXResourcesBuildPhase;
			buildActionMask = 2147483647;
			files = (
				1DCBFCD51D6390F6004328CE /* LaunchScreen.storyboard in Resources */,
				1DCBFCD21D6390F6004328CE /* Assets.xcassets in Resources */,
				1DCBFCD01D6390F6004328CE /* Main.storyboard in Resources */,
			);
			runOnlyForDeploymentPostprocessing = 0;
		};
		1DCBFCD91D6390F6004328CE /* Resources */ = {
			isa = PBXResourcesBuildPhase;
			buildActionMask = 2147483647;
			files = (
			);
			runOnlyForDeploymentPostprocessing = 0;
		};
/* End PBXResourcesBuildPhase section */

/* Begin PBXShellScriptBuildPhase section */
		0955D05F82E4E9E55EC44EA8 /* [CP] Check Pods Manifest.lock */ = {
			isa = PBXShellScriptBuildPhase;
			buildActionMask = 2147483647;
			files = (
			);
			inputPaths = (
			);
			name = "[CP] Check Pods Manifest.lock";
			outputPaths = (
			);
			runOnlyForDeploymentPostprocessing = 0;
			shellPath = /bin/sh;
			shellScript = "diff \"${PODS_ROOT}/../Podfile.lock\" \"${PODS_ROOT}/Manifest.lock\" > /dev/null\nif [ $? != 0 ] ; then\n    # print error to STDERR\n    echo \"error: The sandbox is not in sync with the Podfile.lock. Run 'pod install' or update your CocoaPods installation.\" >&2\n    exit 1\nfi\n";
			showEnvVarsInLog = 0;
		};
		40B25992040B6E6FBD524AB9 /* [CP] Copy Pods Resources */ = {
			isa = PBXShellScriptBuildPhase;
			buildActionMask = 2147483647;
			files = (
			);
			inputPaths = (
			);
			name = "[CP] Copy Pods Resources";
			outputPaths = (
			);
			runOnlyForDeploymentPostprocessing = 0;
			shellPath = /bin/sh;
			shellScript = "\"${SRCROOT}/Pods/Target Support Files/Pods-waterwheelDemo/Pods-waterwheelDemo-resources.sh\"\n";
			showEnvVarsInLog = 0;
		};
		4234FC76DEA92B3F58C08FB7 /* [CP] Embed Pods Frameworks */ = {
			isa = PBXShellScriptBuildPhase;
			buildActionMask = 2147483647;
			files = (
			);
			inputPaths = (
			);
			name = "[CP] Embed Pods Frameworks";
			outputPaths = (
			);
			runOnlyForDeploymentPostprocessing = 0;
			shellPath = /bin/sh;
			shellScript = "\"${SRCROOT}/Pods/Target Support Files/Pods-waterwheelDemo/Pods-waterwheelDemo-frameworks.sh\"\n";
			showEnvVarsInLog = 0;
		};
/* End PBXShellScriptBuildPhase section */

/* Begin PBXSourcesBuildPhase section */
		1DCBFCC31D6390F6004328CE /* Sources */ = {
			isa = PBXSourcesBuildPhase;
			buildActionMask = 2147483647;
			files = (
				1DCBFCCD1D6390F6004328CE /* LoginViewController.swift in Sources */,
				1DCBFCCB1D6390F6004328CE /* AppDelegate.swift in Sources */,
				1D7518141D6E3AAF00846BD1 /* MenuTableViewController.swift in Sources */,
			);
			runOnlyForDeploymentPostprocessing = 0;
		};
		1DCBFCD71D6390F6004328CE /* Sources */ = {
			isa = PBXSourcesBuildPhase;
			buildActionMask = 2147483647;
			files = (
				1DCBFCE01D6390F6004328CE /* waterwheelDemoUITests.swift in Sources */,
			);
			runOnlyForDeploymentPostprocessing = 0;
		};
/* End PBXSourcesBuildPhase section */

/* Begin PBXTargetDependency section */
		1DCBFCDD1D6390F6004328CE /* PBXTargetDependency */ = {
			isa = PBXTargetDependency;
			target = 1DCBFCC61D6390F6004328CE /* waterwheelDemo */;
			targetProxy = 1DCBFCDC1D6390F6004328CE /* PBXContainerItemProxy */;
		};
/* End PBXTargetDependency section */

/* Begin PBXVariantGroup section */
		1DCBFCCE1D6390F6004328CE /* Main.storyboard */ = {
			isa = PBXVariantGroup;
			children = (
				1DCBFCCF1D6390F6004328CE /* Base */,
			);
			name = Main.storyboard;
			sourceTree = "<group>";
		};
		1DCBFCD31D6390F6004328CE /* LaunchScreen.storyboard */ = {
			isa = PBXVariantGroup;
			children = (
				1DCBFCD41D6390F6004328CE /* Base */,
			);
			name = LaunchScreen.storyboard;
			sourceTree = "<group>";
		};
/* End PBXVariantGroup section */

/* Begin XCBuildConfiguration section */
		1DCBFCE21D6390F6004328CE /* Debug */ = {
			isa = XCBuildConfiguration;
			buildSettings = {
				ALWAYS_SEARCH_USER_PATHS = NO;
				CLANG_ANALYZER_NONNULL = YES;
				CLANG_CXX_LANGUAGE_STANDARD = "gnu++0x";
				CLANG_CXX_LIBRARY = "libc++";
				CLANG_ENABLE_MODULES = YES;
				CLANG_ENABLE_OBJC_ARC = YES;
				CLANG_WARN_BOOL_CONVERSION = YES;
				CLANG_WARN_CONSTANT_CONVERSION = YES;
				CLANG_WARN_DIRECT_OBJC_ISA_USAGE = YES_ERROR;
				CLANG_WARN_EMPTY_BODY = YES;
				CLANG_WARN_ENUM_CONVERSION = YES;
				CLANG_WARN_INT_CONVERSION = YES;
				CLANG_WARN_OBJC_ROOT_CLASS = YES_ERROR;
				CLANG_WARN_UNREACHABLE_CODE = YES;
				CLANG_WARN__DUPLICATE_METHOD_MATCH = YES;
				"CODE_SIGN_IDENTITY[sdk=iphoneos*]" = "iPhone Developer";
				COPY_PHASE_STRIP = NO;
				DEBUG_INFORMATION_FORMAT = dwarf;
				ENABLE_STRICT_OBJC_MSGSEND = YES;
				ENABLE_TESTABILITY = YES;
				GCC_C_LANGUAGE_STANDARD = gnu99;
				GCC_DYNAMIC_NO_PIC = NO;
				GCC_NO_COMMON_BLOCKS = YES;
				GCC_OPTIMIZATION_LEVEL = 0;
				GCC_PREPROCESSOR_DEFINITIONS = (
					"DEBUG=1",
					"$(inherited)",
				);
				GCC_WARN_64_TO_32_BIT_CONVERSION = YES;
				GCC_WARN_ABOUT_RETURN_TYPE = YES_ERROR;
				GCC_WARN_UNDECLARED_SELECTOR = YES;
				GCC_WARN_UNINITIALIZED_AUTOS = YES_AGGRESSIVE;
				GCC_WARN_UNUSED_FUNCTION = YES;
				GCC_WARN_UNUSED_VARIABLE = YES;
				IPHONEOS_DEPLOYMENT_TARGET = 9.3;
				MTL_ENABLE_DEBUG_INFO = YES;
				ONLY_ACTIVE_ARCH = YES;
				SDKROOT = iphoneos;
				SWIFT_OPTIMIZATION_LEVEL = "-Onone";
				TARGETED_DEVICE_FAMILY = "1,2";
			};
			name = Debug;
		};
		1DCBFCE31D6390F6004328CE /* Release */ = {
			isa = XCBuildConfiguration;
			buildSettings = {
				ALWAYS_SEARCH_USER_PATHS = NO;
				CLANG_ANALYZER_NONNULL = YES;
				CLANG_CXX_LANGUAGE_STANDARD = "gnu++0x";
				CLANG_CXX_LIBRARY = "libc++";
				CLANG_ENABLE_MODULES = YES;
				CLANG_ENABLE_OBJC_ARC = YES;
				CLANG_WARN_BOOL_CONVERSION = YES;
				CLANG_WARN_CONSTANT_CONVERSION = YES;
				CLANG_WARN_DIRECT_OBJC_ISA_USAGE = YES_ERROR;
				CLANG_WARN_EMPTY_BODY = YES;
				CLANG_WARN_ENUM_CONVERSION = YES;
				CLANG_WARN_INT_CONVERSION = YES;
				CLANG_WARN_OBJC_ROOT_CLASS = YES_ERROR;
				CLANG_WARN_UNREACHABLE_CODE = YES;
				CLANG_WARN__DUPLICATE_METHOD_MATCH = YES;
				"CODE_SIGN_IDENTITY[sdk=iphoneos*]" = "iPhone Developer";
				COPY_PHASE_STRIP = NO;
				DEBUG_INFORMATION_FORMAT = "dwarf-with-dsym";
				ENABLE_NS_ASSERTIONS = NO;
				ENABLE_STRICT_OBJC_MSGSEND = YES;
				GCC_C_LANGUAGE_STANDARD = gnu99;
				GCC_NO_COMMON_BLOCKS = YES;
				GCC_WARN_64_TO_32_BIT_CONVERSION = YES;
				GCC_WARN_ABOUT_RETURN_TYPE = YES_ERROR;
				GCC_WARN_UNDECLARED_SELECTOR = YES;
				GCC_WARN_UNINITIALIZED_AUTOS = YES_AGGRESSIVE;
				GCC_WARN_UNUSED_FUNCTION = YES;
				GCC_WARN_UNUSED_VARIABLE = YES;
				IPHONEOS_DEPLOYMENT_TARGET = 9.3;
				MTL_ENABLE_DEBUG_INFO = NO;
				SDKROOT = iphoneos;
				TARGETED_DEVICE_FAMILY = "1,2";
				VALIDATE_PRODUCT = YES;
			};
			name = Release;
		};
		1DCBFCE51D6390F6004328CE /* Debug */ = {
			isa = XCBuildConfiguration;
			baseConfigurationReference = 4D37BB706E243179C0DAFF45 /* Pods-waterwheelDemo.debug.xcconfig */;
			buildSettings = {
				ASSETCATALOG_COMPILER_APPICON_NAME = AppIcon;
				INFOPLIST_FILE = waterwheelDemo/Info.plist;
				LD_RUNPATH_SEARCH_PATHS = "$(inherited) @executable_path/Frameworks";
				PRODUCT_BUNDLE_IDENTIFIER = com.acquia.waterwheelDemo;
				PRODUCT_NAME = "$(TARGET_NAME)";
			};
			name = Debug;
		};
		1DCBFCE61D6390F6004328CE /* Release */ = {
			isa = XCBuildConfiguration;
			baseConfigurationReference = 26036455B277A6AD2F600BAA /* Pods-waterwheelDemo.release.xcconfig */;
			buildSettings = {
				ASSETCATALOG_COMPILER_APPICON_NAME = AppIcon;
				INFOPLIST_FILE = waterwheelDemo/Info.plist;
				LD_RUNPATH_SEARCH_PATHS = "$(inherited) @executable_path/Frameworks";
				PRODUCT_BUNDLE_IDENTIFIER = com.acquia.waterwheelDemo;
				PRODUCT_NAME = "$(TARGET_NAME)";
			};
			name = Release;
		};
		1DCBFCE81D6390F6004328CE /* Debug */ = {
			isa = XCBuildConfiguration;
			buildSettings = {
				INFOPLIST_FILE = waterwheelDemoUITests/Info.plist;
				LD_RUNPATH_SEARCH_PATHS = "$(inherited) @executable_path/Frameworks @loader_path/Frameworks";
				PRODUCT_BUNDLE_IDENTIFIER = com.acquia.waterwheelDemoUITests;
				PRODUCT_NAME = "$(TARGET_NAME)";
				TEST_TARGET_NAME = waterwheelDemo;
			};
			name = Debug;
		};
		1DCBFCE91D6390F6004328CE /* Release */ = {
			isa = XCBuildConfiguration;
			buildSettings = {
				INFOPLIST_FILE = waterwheelDemoUITests/Info.plist;
				LD_RUNPATH_SEARCH_PATHS = "$(inherited) @executable_path/Frameworks @loader_path/Frameworks";
				PRODUCT_BUNDLE_IDENTIFIER = com.acquia.waterwheelDemoUITests;
				PRODUCT_NAME = "$(TARGET_NAME)";
				TEST_TARGET_NAME = waterwheelDemo;
			};
			name = Release;
		};
/* End XCBuildConfiguration section */

/* Begin XCConfigurationList section */
		1DCBFCC21D6390F6004328CE /* Build configuration list for PBXProject "waterwheelDemo" */ = {
			isa = XCConfigurationList;
			buildConfigurations = (
				1DCBFCE21D6390F6004328CE /* Debug */,
				1DCBFCE31D6390F6004328CE /* Release */,
			);
			defaultConfigurationIsVisible = 0;
			defaultConfigurationName = Release;
		};
		1DCBFCE41D6390F6004328CE /* Build configuration list for PBXNativeTarget "waterwheelDemo" */ = {
			isa = XCConfigurationList;
			buildConfigurations = (
				1DCBFCE51D6390F6004328CE /* Debug */,
				1DCBFCE61D6390F6004328CE /* Release */,
			);
			defaultConfigurationIsVisible = 0;
			defaultConfigurationName = Release;
		};
		1DCBFCE71D6390F6004328CE /* Build configuration list for PBXNativeTarget "waterwheelDemoUITests" */ = {
			isa = XCConfigurationList;
			buildConfigurations = (
				1DCBFCE81D6390F6004328CE /* Debug */,
				1DCBFCE91D6390F6004328CE /* Release */,
			);
			defaultConfigurationIsVisible = 0;
			defaultConfigurationName = Release;
		};
/* End XCConfigurationList section */
	};
	rootObject = 1DCBFCBF1D6390F6004328CE /* Project object */;
}
